
Microsoft Visual Studio Solution File, Format Version 12.00
# Visual Studio Version 17
VisualStudioVersion = 17.0.31815.197
MinimumVisualStudioVersion = 10.0.40219.1
Project("{9A19103F-16F7-4668-BE54-9A1E7A4F7556}") = "SCSC.ElfWeb", "SCSC.ElfWeb\SCSC.ElfWeb.csproj", "{06835259-B312-4CD9-80A1-7252ECE2EEBC}"
EndProject
Project("{9A19103F-16F7-4668-BE54-9A1E7A4F7556}") = "SCSC.AdminWeb", "SCSC.AdminWeb\SCSC.AdminWeb.csproj", "{C3A603D5-F970-42DF-B309-5BC610842DB7}"
EndProject
Project("{9A19103F-16F7-4668-BE54-9A1E7A4F7556}") = "SCSC.APIClient", "SCSC.APIClient\SCSC.APIClient.csproj", "{E1D48A1B-429F-4994-A75B-DE301378485D}"
EndProject
Project("{9A19103F-16F7-4668-BE54-9A1E7A4F7556}") = "SCSC.ElfSimulator", "SCSC.ElfSimulator\SCSC.ElfSimulator.csproj", "{4914AE94-F1FA-4C9D-9AB9-3CC36D7E1CB4}"
EndProject
Project("{9A19103F-16F7-4668-BE54-9A1E7A4F7556}") = "SCSC.Core", "SCSC.Core\SCSC.Core.csproj", "{0085EF8B-D0A0-4279-8419-24F6265DC907}"
EndProject
Project("{9A19103F-16F7-4668-BE54-9A1E7A4F7556}") = "SCSC.PlatformFunctions", "SCSC.PlatformFunctions\SCSC.PlatformFunctions.csproj", "{D6EE22DE-A085-4705-B46C-6E9E3619B7DD}"
EndProject
Global
	GlobalSection(SolutionConfigurationPlatforms) = preSolution
		Debug|Any CPU = Debug|Any CPU
		Release|Any CPU = Release|Any CPU
	EndGlobalSection
	GlobalSection(ProjectConfigurationPlatforms) = postSolution
		{06835259-B312-4CD9-80A1-7252ECE2EEBC}.Debug|Any CPU.ActiveCfg = Debug|Any CPU
		{06835259-B312-4CD9-80A1-7252ECE2EEBC}.Debug|Any CPU.Build.0 = Debug|Any CPU
		{06835259-B312-4CD9-80A1-7252ECE2EEBC}.Release|Any CPU.ActiveCfg = Release|Any CPU
		{06835259-B312-4CD9-80A1-7252ECE2EEBC}.Release|Any CPU.Build.0 = Release|Any CPU
		{C3A603D5-F970-42DF-B309-5BC610842DB7}.Debug|Any CPU.ActiveCfg = Debug|Any CPU
		{C3A603D5-F970-42DF-B309-5BC610842DB7}.Debug|Any CPU.Build.0 = Debug|Any CPU
		{C3A603D5-F970-42DF-B309-5BC610842DB7}.Release|Any CPU.ActiveCfg = Release|Any CPU
		{C3A603D5-F970-42DF-B309-5BC610842DB7}.Release|Any CPU.Build.0 = Release|Any CPU
		{E1D48A1B-429F-4994-A75B-DE301378485D}.Debug|Any CPU.ActiveCfg = Debug|Any CPU
		{E1D48A1B-429F-4994-A75B-DE301378485D}.Debug|Any CPU.Build.0 = Debug|Any CPU
		{E1D48A1B-429F-4994-A75B-DE301378485D}.Release|Any CPU.ActiveCfg = Release|Any CPU
		{E1D48A1B-429F-4994-A75B-DE301378485D}.Release|Any CPU.Build.0 = Release|Any CPU
		{4914AE94-F1FA-4C9D-9AB9-3CC36D7E1CB4}.Debug|Any CPU.ActiveCfg = Debug|Any CPU
		{4914AE94-F1FA-4C9D-9AB9-3CC36D7E1CB4}.Debug|Any CPU.Build.0 = Debug|Any CPU
		{4914AE94-F1FA-4C9D-9AB9-3CC36D7E1CB4}.Release|Any CPU.ActiveCfg = Release|Any CPU
		{4914AE94-F1FA-4C9D-9AB9-3CC36D7E1CB4}.Release|Any CPU.Build.0 = Release|Any CPU
		{0085EF8B-D0A0-4279-8419-24F6265DC907}.Debug|Any CPU.ActiveCfg = Debug|Any CPU
		{0085EF8B-D0A0-4279-8419-24F6265DC907}.Debug|Any CPU.Build.0 = Debug|Any CPU
		{0085EF8B-D0A0-4279-8419-24F6265DC907}.Release|Any CPU.ActiveCfg = Release|Any CPU
		{0085EF8B-D0A0-4279-8419-24F6265DC907}.Release|Any CPU.Build.0 = Release|Any CPU
		{D6EE22DE-A085-4705-B46C-6E9E3619B7DD}.Debug|Any CPU.ActiveCfg = Debug|Any CPU
		{D6EE22DE-A085-4705-B46C-6E9E3619B7DD}.Debug|Any CPU.Build.0 = Debug|Any CPU
		{D6EE22DE-A085-4705-B46C-6E9E3619B7DD}.Release|Any CPU.ActiveCfg = Release|Any CPU
		{D6EE22DE-A085-4705-B46C-6E9E3619B7DD}.Release|Any CPU.Build.0 = Release|Any CPU
	EndGlobalSection
	GlobalSection(SolutionProperties) = preSolution
		HideSolutionNode = FALSE
	EndGlobalSection
	GlobalSection(ExtensibilityGlobals) = postSolution
		SolutionGuid = {15C09BC5-040F-4F7F-936F-FFAD410C3AE0}
	EndGlobalSection
EndGlobal
